// !$*UTF8*$!
{
	archiveVersion = 1;
	classes = {
	};
	objectVersion = 63;
	objects = {

/* Begin PBXBuildFile section */
		725FAEA92EE3002500A36E06 /* Assets.xcassets in Resources */ = {isa = PBXBuildFile; fileRef = 725FAEA62EE3002500A36E06 /* Assets.xcassets */; };
		725FAEAA2EE3002500A36E06 /* AvianHouseApp.swift in Sources */ = {isa = PBXBuildFile; fileRef = 725FAEA72EE3002500A36E06 /* AvianHouseApp.swift */; };
		725FAEAE2EE3004F00A36E06 /* AppEntryPoint.swift in Sources */ = {isa = PBXBuildFile; fileRef = 725FAEAD2EE3004F00A36E06 /* AppEntryPoint.swift */; };
		725FAEAF2EE3004F00A36E06 /* AppDelegate.swift in Sources */ = {isa = PBXBuildFile; fileRef = 725FAEAC2EE3004F00A36E06 /* AppDelegate.swift */; };
		725FAEC22EE3009600A36E06 /* View+Extensions.swift in Sources */ = {isa = PBXBuildFile; fileRef = 725FAEBE2EE3009600A36E06 /* View+Extensions.swift */; };
		725FAEC32EE3009600A36E06 /* WebViewContainer.swift in Sources */ = {isa = PBXBuildFile; fileRef = 725FAEB22EE3009600A36E06 /* WebViewContainer.swift */; };
		725FAEC42EE3009600A36E06 /* PrivacyView.swift in Sources */ = {isa = PBXBuildFile; fileRef = 725FAEB62EE3009600A36E06 /* PrivacyView.swift */; };
		725FAEC52EE3009600A36E06 /* UserAgentBuilder.swift in Sources */ = {isa = PBXBuildFile; fileRef = 725FAEB12EE3009600A36E06 /* UserAgentBuilder.swift */; };
		725FAEC62EE3009600A36E06 /* AHLaunchView.swift in Sources */ = {isa = PBXBuildFile; fileRef = 725FAEBA2EE3009600A36E06 /* AHLaunchView.swift */; };
		725FAEC72EE3009600A36E06 /* WebViewCoordinator.swift in Sources */ = {isa = PBXBuildFile; fileRef = 725FAEB32EE3009600A36E06 /* WebViewCoordinator.swift */; };
		725FAEC82EE3009600A36E06 /* AHHomeWebView.swift in Sources */ = {isa = PBXBuildFile; fileRef = 725FAEB82EE3009600A36E06 /* AHHomeWebView.swift */; };
		725FAEC92EE3009600A36E06 /* TextScreen.swift in Sources */ = {isa = PBXBuildFile; fileRef = 725FAEBD2EE3009600A36E06 /* TextScreen.swift */; };
		725FAECA2EE3009600A36E06 /* WebSheetViewController.swift in Sources */ = {isa = PBXBuildFile; fileRef = 725FAEB42EE3009600A36E06 /* WebSheetViewController.swift */; };
		725FAECB2EE3009600A36E06 /* Color+Extensions.swift in Sources */ = {isa = PBXBuildFile; fileRef = 725FAEBF2EE3009600A36E06 /* Color+Extensions.swift */; };
		725FAECC2EE3009600A36E06 /* ShapeStyle+Extensions.swift in Sources */ = {isa = PBXBuildFile; fileRef = 725FAEC02EE3009600A36E06 /* ShapeStyle+Extensions.swift */; };
		725FAECD2EE3009600A36E06 /* index.html in Resources */ = {isa = PBXBuildFile; fileRef = 725FAEB02EE3009600A36E06 /* index.html */; };
		725FAED02EE3020400A36E06 /* GoogleService-Info.plist in Resources */ = {isa = PBXBuildFile; fileRef = 725FAECF2EE3020400A36E06 /* GoogleService-Info.plist */; };
		F1A6F0357C02F78B4BFD856C /* libPods-AvianHouse.a in Frameworks */ = {isa = PBXBuildFile; fileRef = AFB6CF107BAC16BBD4C28755 /* libPods-AvianHouse.a */; };
/* End PBXBuildFile section */

/* Begin PBXFileReference section */
		155CCA292D074504B8178B74 /* Pods-AvianHouse.release.xcconfig */ = {isa = PBXFileReference; includeInIndex = 1; lastKnownFileType = text.xcconfig; name = "Pods-AvianHouse.release.xcconfig"; path = "Target Support Files/Pods-AvianHouse/Pods-AvianHouse.release.xcconfig"; sourceTree = "<group>"; };
		5A841052EE19BC701A3B4CB2 /* Pods-AvianHouse.debug.xcconfig */ = {isa = PBXFileReference; includeInIndex = 1; lastKnownFileType = text.xcconfig; name = "Pods-AvianHouse.debug.xcconfig"; path = "Target Support Files/Pods-AvianHouse/Pods-AvianHouse.debug.xcconfig"; sourceTree = "<group>"; };
		725FAE972EE3001000A36E06 /* AvianHouse.app */ = {isa = PBXFileReference; explicitFileType = wrapper.application; includeInIndex = 0; path = AvianHouse.app; sourceTree = BUILT_PRODUCTS_DIR; };
		725FAEA62EE3002500A36E06 /* Assets.xcassets */ = {isa = PBXFileReference; lastKnownFileType = folder.assetcatalog; path = Assets.xcassets; sourceTree = "<group>"; };
		725FAEA72EE3002500A36E06 /* AvianHouseApp.swift */ = {isa = PBXFileReference; lastKnownFileType = sourcecode.swift; path = AvianHouseApp.swift; sourceTree = "<group>"; };
		725FAEAC2EE3004F00A36E06 /* AppDelegate.swift */ = {isa = PBXFileReference; lastKnownFileType = sourcecode.swift; path = AppDelegate.swift; sourceTree = "<group>"; };
		725FAEAD2EE3004F00A36E06 /* AppEntryPoint.swift */ = {isa = PBXFileReference; lastKnownFileType = sourcecode.swift; path = AppEntryPoint.swift; sourceTree = "<group>"; };
		725FAEB02EE3009600A36E06 /* index.html */ = {isa = PBXFileReference; lastKnownFileType = text.html; path = index.html; sourceTree = "<group>"; };
		725FAEB12EE3009600A36E06 /* UserAgentBuilder.swift */ = {isa = PBXFileReference; lastKnownFileType = sourcecode.swift; path = UserAgentBuilder.swift; sourceTree = "<group>"; };
		725FAEB22EE3009600A36E06 /* WebViewContainer.swift */ = {isa = PBXFileReference; lastKnownFileType = sourcecode.swift; path = WebViewContainer.swift; sourceTree = "<group>"; };
		725FAEB32EE3009600A36E06 /* WebViewCoordinator.swift */ = {isa = PBXFileReference; lastKnownFileType = sourcecode.swift; path = WebViewCoordinator.swift; sourceTree = "<group>"; };
		725FAEB42EE3009600A36E06 /* WebSheetViewController.swift */ = {isa = PBXFileReference; lastKnownFileType = sourcecode.swift; path = WebSheetViewController.swift; sourceTree = "<group>"; };
		725FAEB62EE3009600A36E06 /* PrivacyView.swift */ = {isa = PBXFileReference; lastKnownFileType = sourcecode.swift; path = PrivacyView.swift; sourceTree = "<group>"; };
		725FAEB82EE3009600A36E06 /* AHHomeWebView.swift */ = {isa = PBXFileReference; lastKnownFileType = sourcecode.swift; path = AHHomeWebView.swift; sourceTree = "<group>"; };
		725FAEBA2EE3009600A36E06 /* AHLaunchView.swift */ = {isa = PBXFileReference; lastKnownFileType = sourcecode.swift; path = AHLaunchView.swift; sourceTree = "<group>"; };
		725FAEBD2EE3009600A36E06 /* TextScreen.swift */ = {isa = PBXFileReference; lastKnownFileType = sourcecode.swift; path = TextScreen.swift; sourceTree = "<group>"; };
		725FAEBE2EE3009600A36E06 /* View+Extensions.swift */ = {isa = PBXFileReference; lastKnownFileType = sourcecode.swift; path = "View+Extensions.swift"; sourceTree = "<group>"; };
		725FAEBF2EE3009600A36E06 /* Color+Extensions.swift */ = {isa = PBXFileReference; lastKnownFileType = sourcecode.swift; path = "Color+Extensions.swift"; sourceTree = "<group>"; };
		725FAEC02EE3009600A36E06 /* ShapeStyle+Extensions.swift */ = {isa = PBXFileReference; lastKnownFileType = sourcecode.swift; path = "ShapeStyle+Extensions.swift"; sourceTree = "<group>"; };
		725FAECE2EE3016400A36E06 /* Info.plist */ = {isa = PBXFileReference; lastKnownFileType = text.plist; path = Info.plist; sourceTree = "<group>"; };
		725FAECF2EE3020400A36E06 /* GoogleService-Info.plist */ = {isa = PBXFileReference; lastKnownFileType = text.plist.xml; path = "GoogleService-Info.plist"; sourceTree = "<group>"; };
		725FAED12EE3039000A36E06 /* AvianHouse.entitlements */ = {isa = PBXFileReference; lastKnownFileType = text.plist.entitlements; path = AvianHouse.entitlements; sourceTree = "<group>"; };
		AFB6CF107BAC16BBD4C28755 /* libPods-AvianHouse.a */ = {isa = PBXFileReference; explicitFileType = archive.ar; includeInIndex = 0; path = "libPods-AvianHouse.a"; sourceTree = BUILT_PRODUCTS_DIR; };
/* End PBXFileReference section */

/* Begin PBXFrameworksBuildPhase section */
		725FAE942EE3001000A36E06 /* Frameworks */ = {
			isa = PBXFrameworksBuildPhase;
			buildActionMask = 2147483647;
			files = (
				F1A6F0357C02F78B4BFD856C /* libPods-AvianHouse.a in Frameworks */,
			);
			runOnlyForDeploymentPostprocessing = 0;
		};
/* End PBXFrameworksBuildPhase section */

/* Begin PBXGroup section */
		725FAE8E2EE3001000A36E06 = {
			isa = PBXGroup;
			children = (
				725FAEA82EE3002500A36E06 /* AvianHouse */,
				725FAE982EE3001000A36E06 /* Products */,
				8F6F528CE59B461E2A940D5D /* Pods */,
				B098121A527D7C849BE5673E /* Frameworks */,
			);
			sourceTree = "<group>";
		};
		725FAE982EE3001000A36E06 /* Products */ = {
			isa = PBXGroup;
			children = (
				725FAE972EE3001000A36E06 /* AvianHouse.app */,
			);
			name = Products;
			sourceTree = "<group>";
		};
		725FAEA82EE3002500A36E06 /* AvianHouse */ = {
			isa = PBXGroup;
			children = (
				725FAED12EE3039000A36E06 /* AvianHouse.entitlements */,
				725FAECE2EE3016400A36E06 /* Info.plist */,
				725FAEBC2EE3009600A36E06 /* Screens */,
				725FAEC12EE3009600A36E06 /* Extensions */,
				725FAEAB2EE3002800A36E06 /* App */,
				725FAEA62EE3002500A36E06 /* Assets.xcassets */,
				725FAECF2EE3020400A36E06 /* GoogleService-Info.plist */,
			);
			path = AvianHouse;
			sourceTree = "<group>";
		};
		725FAEAB2EE3002800A36E06 /* App */ = {
			isa = PBXGroup;
			children = (
				725FAEAC2EE3004F00A36E06 /* AppDelegate.swift */,
				725FAEAD2EE3004F00A36E06 /* AppEntryPoint.swift */,
				725FAEA72EE3002500A36E06 /* AvianHouseApp.swift */,
			);
			path = App;
			sourceTree = "<group>";
		};
		725FAEB52EE3009600A36E06 /* Web */ = {
			isa = PBXGroup;
			children = (
				725FAEB02EE3009600A36E06 /* index.html */,
				725FAEB12EE3009600A36E06 /* UserAgentBuilder.swift */,
				725FAEB22EE3009600A36E06 /* WebViewContainer.swift */,
				725FAEB32EE3009600A36E06 /* WebViewCoordinator.swift */,
				725FAEB42EE3009600A36E06 /* WebSheetViewController.swift */,
			);
			path = Web;
			sourceTree = "<group>";
		};
		725FAEB72EE3009600A36E06 /* PrivacyScreen */ = {
			isa = PBXGroup;
			children = (
				725FAEB62EE3009600A36E06 /* PrivacyView.swift */,
			);
			path = PrivacyScreen;
			sourceTree = "<group>";
		};
		725FAEB92EE3009600A36E06 /* HomeWebScreen */ = {
			isa = PBXGroup;
			children = (
				725FAEB82EE3009600A36E06 /* AHHomeWebView.swift */,
			);
			path = HomeWebScreen;
			sourceTree = "<group>";
		};
		725FAEBB2EE3009600A36E06 /* LaunchScreen */ = {
			isa = PBXGroup;
			children = (
				725FAEBA2EE3009600A36E06 /* AHLaunchView.swift */,
			);
			path = LaunchScreen;
			sourceTree = "<group>";
		};
		725FAEBC2EE3009600A36E06 /* Screens */ = {
			isa = PBXGroup;
			children = (
				725FAEB52EE3009600A36E06 /* Web */,
				725FAEB72EE3009600A36E06 /* PrivacyScreen */,
				725FAEB92EE3009600A36E06 /* HomeWebScreen */,
				725FAEBB2EE3009600A36E06 /* LaunchScreen */,
			);
			path = Screens;
			sourceTree = "<group>";
		};
		725FAEC12EE3009600A36E06 /* Extensions */ = {
			isa = PBXGroup;
			children = (
				725FAEBD2EE3009600A36E06 /* TextScreen.swift */,
				725FAEBE2EE3009600A36E06 /* View+Extensions.swift */,
				725FAEBF2EE3009600A36E06 /* Color+Extensions.swift */,
				725FAEC02EE3009600A36E06 /* ShapeStyle+Extensions.swift */,
			);
			path = Extensions;
			sourceTree = "<group>";
		};
		8F6F528CE59B461E2A940D5D /* Pods */ = {
			isa = PBXGroup;
			children = (
				5A841052EE19BC701A3B4CB2 /* Pods-AvianHouse.debug.xcconfig */,
				155CCA292D074504B8178B74 /* Pods-AvianHouse.release.xcconfig */,
			);
			path = Pods;
			sourceTree = "<group>";
		};
		B098121A527D7C849BE5673E /* Frameworks */ = {
			isa = PBXGroup;
			children = (
				AFB6CF107BAC16BBD4C28755 /* libPods-AvianHouse.a */,
			);
			name = Frameworks;
			sourceTree = "<group>";
		};
/* End PBXGroup section */

/* Begin PBXNativeTarget section */
		725FAE962EE3001000A36E06 /* AvianHouse */ = {
			isa = PBXNativeTarget;
			buildConfigurationList = 725FAEA32EE3001100A36E06 /* Build configuration list for PBXNativeTarget "AvianHouse" */;
			buildPhases = (
				2191889A4F51C740DBC8E119 /* [CP] Check Pods Manifest.lock */,
				725FAE932EE3001000A36E06 /* Sources */,
				725FAE942EE3001000A36E06 /* Frameworks */,
				725FAE952EE3001000A36E06 /* Resources */,
				6E7E8F6B5320BB05BBC0C1C8 /* [CP] Copy Pods Resources */,
			);
			buildRules = (
			);
			dependencies = (
			);
			name = AvianHouse;
			productName = AvianHouse;
			productReference = 725FAE972EE3001000A36E06 /* AvianHouse.app */;
			productType = "com.apple.product-type.application";
		};
/* End PBXNativeTarget section */

/* Begin PBXProject section */
		725FAE8F2EE3001000A36E06 /* Project object */ = {
			isa = PBXProject;
			attributes = {
				BuildIndependentTargetsInParallel = 1;
				LastSwiftUpdateCheck = 1630;
				LastUpgradeCheck = 1630;
				TargetAttributes = {
					725FAE962EE3001000A36E06 = {
						CreatedOnToolsVersion = 16.3;
					};
				};
			};
			buildConfigurationList = 725FAE922EE3001000A36E06 /* Build configuration list for PBXProject "AvianHouse" */;
			compatibilityVersion = "Xcode 13.0";
			developmentRegion = en;
			hasScannedForEncodings = 0;
			knownRegions = (
				en,
				Base,
			);
			mainGroup = 725FAE8E2EE3001000A36E06;
			minimizedProjectReferenceProxies = 1;
			productRefGroup = 725FAE982EE3001000A36E06 /* Products */;
			projectDirPath = "";
			projectRoot = "";
			targets = (
				725FAE962EE3001000A36E06 /* AvianHouse */,
			);
		};
/* End PBXProject section */

/* Begin PBXResourcesBuildPhase section */
		725FAE952EE3001000A36E06 /* Resources */ = {
			isa = PBXResourcesBuildPhase;
			buildActionMask = 2147483647;
			files = (
				725FAEA92EE3002500A36E06 /* Assets.xcassets in Resources */,
				725FAECD2EE3009600A36E06 /* index.html in Resources */,
				725FAED02EE3020400A36E06 /* GoogleService-Info.plist in Resources */,
			);
			runOnlyForDeploymentPostprocessing = 0;
		};
/* End PBXResourcesBuildPhase section */

/* Begin PBXShellScriptBuildPhase section */
		2191889A4F51C740DBC8E119 /* [CP] Check Pods Manifest.lock */ = {
			isa = PBXShellScriptBuildPhase;
			buildActionMask = 2147483647;
			files = (
			);
			inputFileListPaths = (
			);
			inputPaths = (
				"${PODS_PODFILE_DIR_PATH}/Podfile.lock",
				"${PODS_ROOT}/Manifest.lock",
			);
			name = "[CP] Check Pods Manifest.lock";
			outputFileListPaths = (
			);
			outputPaths = (
				"$(DERIVED_FILE_DIR)/Pods-AvianHouse-checkManifestLockResult.txt",
			);
			runOnlyForDeploymentPostprocessing = 0;
			shellPath = /bin/sh;
			shellScript = "diff \"${PODS_PODFILE_DIR_PATH}/Podfile.lock\" \"${PODS_ROOT}/Manifest.lock\" > /dev/null\nif [ $? != 0 ] ; then\n    # print error to STDERR\n    echo \"error: The sandbox is not in sync with the Podfile.lock. Run 'pod install' or update your CocoaPods installation.\" >&2\n    exit 1\nfi\n# This output is used by Xcode 'outputs' to avoid re-running this script phase.\necho \"SUCCESS\" > \"${SCRIPT_OUTPUT_FILE_0}\"\n";
			showEnvVarsInLog = 0;
		};
		6E7E8F6B5320BB05BBC0C1C8 /* [CP] Copy Pods Resources */ = {
			isa = PBXShellScriptBuildPhase;
			buildActionMask = 2147483647;
			files = (
			);
			inputFileListPaths = (
				"${PODS_ROOT}/Target Support Files/Pods-AvianHouse/Pods-AvianHouse-resources-${CONFIGURATION}-input-files.xcfilelist",
			);
			inputPaths = (
			);
			name = "[CP] Copy Pods Resources";
			outputFileListPaths = (
				"${PODS_ROOT}/Target Support Files/Pods-AvianHouse/Pods-AvianHouse-resources-${CONFIGURATION}-output-files.xcfilelist",
			);
			outputPaths = (
			);
			runOnlyForDeploymentPostprocessing = 0;
			shellPath = /bin/sh;
			shellScript = "\"${PODS_ROOT}/Target Support Files/Pods-AvianHouse/Pods-AvianHouse-resources.sh\"\n";
			showEnvVarsInLog = 0;
		};
/* End PBXShellScriptBuildPhase section */

/* Begin PBXSourcesBuildPhase section */
		725FAE932EE3001000A36E06 /* Sources */ = {
			isa = PBXSourcesBuildPhase;
			buildActionMask = 2147483647;
			files = (
				725FAEAA2EE3002500A36E06 /* AvianHouseApp.swift in Sources */,
				725FAEAE2EE3004F00A36E06 /* AppEntryPoint.swift in Sources */,
				725FAEC22EE3009600A36E06 /* View+Extensions.swift in Sources */,
				725FAEC32EE3009600A36E06 /* WebViewContainer.swift in Sources */,
				725FAEC42EE3009600A36E06 /* PrivacyView.swift in Sources */,
				725FAEC52EE3009600A36E06 /* UserAgentBuilder.swift in Sources */,
				725FAEC62EE3009600A36E06 /* AHLaunchView.swift in Sources */,
				725FAEC72EE3009600A36E06 /* WebViewCoordinator.swift in Sources */,
				725FAEC82EE3009600A36E06 /* AHHomeWebView.swift in Sources */,
				725FAEC92EE3009600A36E06 /* TextScreen.swift in Sources */,
				725FAECA2EE3009600A36E06 /* WebSheetViewController.swift in Sources */,
				725FAECB2EE3009600A36E06 /* Color+Extensions.swift in Sources */,
				725FAECC2EE3009600A36E06 /* ShapeStyle+Extensions.swift in Sources */,
				725FAEAF2EE3004F00A36E06 /* AppDelegate.swift in Sources */,
			);
			runOnlyForDeploymentPostprocessing = 0;
		};
/* End PBXSourcesBuildPhase section */

/* Begin XCBuildConfiguration section */
		725FAEA12EE3001100A36E06 /* Debug */ = {
			isa = XCBuildConfiguration;
			buildSettings = {
				ALWAYS_SEARCH_USER_PATHS = NO;
				ASSETCATALOG_COMPILER_GENERATE_SWIFT_ASSET_SYMBOL_EXTENSIONS = YES;
				CLANG_ANALYZER_NONNULL = YES;
				CLANG_ANALYZER_NUMBER_OBJECT_CONVERSION = YES_AGGRESSIVE;
				CLANG_CXX_LANGUAGE_STANDARD = "gnu++20";
				CLANG_ENABLE_MODULES = YES;
				CLANG_ENABLE_OBJC_ARC = YES;
				CLANG_ENABLE_OBJC_WEAK = YES;
				CLANG_WARN_BLOCK_CAPTURE_AUTORELEASING = YES;
				CLANG_WARN_BOOL_CONVERSION = YES;
				CLANG_WARN_COMMA = YES;
				CLANG_WARN_CONSTANT_CONVERSION = YES;
				CLANG_WARN_DEPRECATED_OBJC_IMPLEMENTATIONS = YES;
				CLANG_WARN_DIRECT_OBJC_ISA_USAGE = YES_ERROR;
				CLANG_WARN_DOCUMENTATION_COMMENTS = YES;
				CLANG_WARN_EMPTY_BODY = YES;
				CLANG_WARN_ENUM_CONVERSION = YES;
				CLANG_WARN_INFINITE_RECURSION = YES;
				CLANG_WARN_INT_CONVERSION = YES;
				CLANG_WARN_NON_LITERAL_NULL_CONVERSION = YES;
				CLANG_WARN_OBJC_IMPLICIT_RETAIN_SELF = YES;
				CLANG_WARN_OBJC_LITERAL_CONVERSION = YES;
				CLANG_WARN_OBJC_ROOT_CLASS = YES_ERROR;
				CLANG_WARN_QUOTED_INCLUDE_IN_FRAMEWORK_HEADER = YES;
				CLANG_WARN_RANGE_LOOP_ANALYSIS = YES;
				CLANG_WARN_STRICT_PROTOTYPES = YES;
				CLANG_WARN_SUSPICIOUS_MOVE = YES;
				CLANG_WARN_UNGUARDED_AVAILABILITY = YES_AGGRESSIVE;
				CLANG_WARN_UNREACHABLE_CODE = YES;
				CLANG_WARN__DUPLICATE_METHOD_MATCH = YES;
				COPY_PHASE_STRIP = NO;
				DEBUG_INFORMATION_FORMAT = dwarf;
				DEVELOPMENT_TEAM = 99Y7AUQG6Y;
				ENABLE_STRICT_OBJC_MSGSEND = YES;
				ENABLE_TESTABILITY = YES;
				ENABLE_USER_SCRIPT_SANDBOXING = YES;
				GCC_C_LANGUAGE_STANDARD = gnu17;
				GCC_DYNAMIC_NO_PIC = NO;
				GCC_NO_COMMON_BLOCKS = YES;
				GCC_OPTIMIZATION_LEVEL = 0;
				GCC_PREPROCESSOR_DEFINITIONS = (
					"DEBUG=1",
					"$(inherited)",
				);
				GCC_WARN_64_TO_32_BIT_CONVERSION = YES;
				GCC_WARN_ABOUT_RETURN_TYPE = YES_ERROR;
				GCC_WARN_UNDECLARED_SELECTOR = YES;
				GCC_WARN_UNINITIALIZED_AUTOS = YES_AGGRESSIVE;
				GCC_WARN_UNUSED_FUNCTION = YES;
				GCC_WARN_UNUSED_VARIABLE = YES;
				LOCALIZATION_PREFERS_STRING_CATALOGS = YES;
				MTL_ENABLE_DEBUG_INFO = INCLUDE_SOURCE;
				MTL_FAST_MATH = YES;
				ONLY_ACTIVE_ARCH = YES;
				SWIFT_ACTIVE_COMPILATION_CONDITIONS = "DEBUG $(inherited)";
				SWIFT_OPTIMIZATION_LEVEL = "-Onone";
			};
			name = Debug;
		};
		725FAEA22EE3001100A36E06 /* Release */ = {
			isa = XCBuildConfiguration;
			buildSettings = {
				ALWAYS_SEARCH_USER_PATHS = NO;
				ASSETCATALOG_COMPILER_GENERATE_SWIFT_ASSET_SYMBOL_EXTENSIONS = YES;
				CLANG_ANALYZER_NONNULL = YES;
				CLANG_ANALYZER_NUMBER_OBJECT_CONVERSION = YES_AGGRESSIVE;
				CLANG_CXX_LANGUAGE_STANDARD = "gnu++20";
				CLANG_ENABLE_MODULES = YES;
				CLANG_ENABLE_OBJC_ARC = YES;
				CLANG_ENABLE_OBJC_WEAK = YES;
				CLANG_WARN_BLOCK_CAPTURE_AUTORELEASING = YES;
				CLANG_WARN_BOOL_CONVERSION = YES;
				CLANG_WARN_COMMA = YES;
				CLANG_WARN_CONSTANT_CONVERSION = YES;
				CLANG_WARN_DEPRECATED_OBJC_IMPLEMENTATIONS = YES;
				CLANG_WARN_DIRECT_OBJC_ISA_USAGE = YES_ERROR;
				CLANG_WARN_DOCUMENTATION_COMMENTS = YES;
				CLANG_WARN_EMPTY_BODY = YES;
				CLANG_WARN_ENUM_CONVERSION = YES;
				CLANG_WARN_INFINITE_RECURSION = YES;
				CLANG_WARN_INT_CONVERSION = YES;
				CLANG_WARN_NON_LITERAL_NULL_CONVERSION = YES;
				CLANG_WARN_OBJC_IMPLICIT_RETAIN_SELF = YES;
				CLANG_WARN_OBJC_LITERAL_CONVERSION = YES;
				CLANG_WARN_OBJC_ROOT_CLASS = YES_ERROR;
				CLANG_WARN_QUOTED_INCLUDE_IN_FRAMEWORK_HEADER = YES;
				CLANG_WARN_RANGE_LOOP_ANALYSIS = YES;
				CLANG_WARN_STRICT_PROTOTYPES = YES;
				CLANG_WARN_SUSPICIOUS_MOVE = YES;
				CLANG_WARN_UNGUARDED_AVAILABILITY = YES_AGGRESSIVE;
				CLANG_WARN_UNREACHABLE_CODE = YES;
				CLANG_WARN__DUPLICATE_METHOD_MATCH = YES;
				COPY_PHASE_STRIP = NO;
				DEBUG_INFORMATION_FORMAT = "dwarf-with-dsym";
				DEVELOPMENT_TEAM = 99Y7AUQG6Y;
				ENABLE_NS_ASSERTIONS = NO;
				ENABLE_STRICT_OBJC_MSGSEND = YES;
				ENABLE_USER_SCRIPT_SANDBOXING = YES;
				GCC_C_LANGUAGE_STANDARD = gnu17;
				GCC_NO_COMMON_BLOCKS = YES;
				GCC_WARN_64_TO_32_BIT_CONVERSION = YES;
				GCC_WARN_ABOUT_RETURN_TYPE = YES_ERROR;
				GCC_WARN_UNDECLARED_SELECTOR = YES;
				GCC_WARN_UNINITIALIZED_AUTOS = YES_AGGRESSIVE;
				GCC_WARN_UNUSED_FUNCTION = YES;
				GCC_WARN_UNUSED_VARIABLE = YES;
				LOCALIZATION_PREFERS_STRING_CATALOGS = YES;
				MTL_ENABLE_DEBUG_INFO = NO;
				MTL_FAST_MATH = YES;
				SWIFT_COMPILATION_MODE = wholemodule;
			};
			name = Release;
		};
		725FAEA42EE3001100A36E06 /* Debug */ = {
			isa = XCBuildConfiguration;
			baseConfigurationReference = 5A841052EE19BC701A3B4CB2 /* Pods-AvianHouse.debug.xcconfig */;
			buildSettings = {
				ASSETCATALOG_COMPILER_APPICON_NAME = AppIcon;
				ASSETCATALOG_COMPILER_GLOBAL_ACCENT_COLOR_NAME = AccentColor;
				CODE_SIGN_ENTITLEMENTS = AvianHouse/AvianHouse.entitlements;
				CODE_SIGN_STYLE = Automatic;
				CURRENT_PROJECT_VERSION = 3;
				DEVELOPMENT_TEAM = 99Y7AUQG6Y;
				ENABLE_HARDENED_RUNTIME = YES;
				ENABLE_PREVIEWS = YES;
				ENABLE_USER_SCRIPT_SANDBOXING = NO;
				GENERATE_INFOPLIST_FILE = YES;
				INFOPLIST_FILE = AvianHouse/Info.plist;
				INFOPLIST_KEY_CFBundleDisplayName = "Avian House";
				INFOPLIST_KEY_NSCameraUsageDescription = "We need access to your camera to take a profile photo for your account.";
				INFOPLIST_KEY_NSMicrophoneUsageDescription = "We need access to your microphone to allow voice input";
				INFOPLIST_KEY_NSPhotoLibraryAddUsageDescription = "We need access to your photo library to take a profile photo for your account.";
				"INFOPLIST_KEY_UIApplicationSceneManifest_Generation[sdk=iphoneos*]" = YES;
				"INFOPLIST_KEY_UIApplicationSceneManifest_Generation[sdk=iphonesimulator*]" = YES;
				"INFOPLIST_KEY_UIApplicationSupportsIndirectInputEvents[sdk=iphoneos*]" = YES;
				"INFOPLIST_KEY_UIApplicationSupportsIndirectInputEvents[sdk=iphonesimulator*]" = YES;
				"INFOPLIST_KEY_UILaunchScreen_Generation[sdk=iphoneos*]" = YES;
				"INFOPLIST_KEY_UILaunchScreen_Generation[sdk=iphonesimulator*]" = YES;
				"INFOPLIST_KEY_UIStatusBarStyle[sdk=iphoneos*]" = UIStatusBarStyleDefault;
				"INFOPLIST_KEY_UIStatusBarStyle[sdk=iphonesimulator*]" = UIStatusBarStyleDefault;
				INFOPLIST_KEY_UISupportedInterfaceOrientations = UIInterfaceOrientationPortrait;
				INFOPLIST_KEY_UISupportedInterfaceOrientations_iPad = "UIInterfaceOrientationLandscapeLeft UIInterfaceOrientationLandscapeRight UIInterfaceOrientationPortrait UIInterfaceOrientationPortraitUpsideDown";
				IPHONEOS_DEPLOYMENT_TARGET = 15.0;
				LD_RUNPATH_SEARCH_PATHS = "@executable_path/Frameworks";
				"LD_RUNPATH_SEARCH_PATHS[sdk=macosx*]" = "@executable_path/../Frameworks";
				MACOSX_DEPLOYMENT_TARGET = 15.4;
				MARKETING_VERSION = 1.0.2;
				PRODUCT_BUNDLE_IDENTIFIER = com.komarproj.app;
				PRODUCT_NAME = "$(TARGET_NAME)";
				REGISTER_APP_GROUPS = YES;
				SDKROOT = auto;
				SUPPORTED_PLATFORMS = "iphoneos iphonesimulator";
				SUPPORTS_MACCATALYST = NO;
				SWIFT_EMIT_LOC_STRINGS = YES;
				SWIFT_VERSION = 5.0;
				TARGETED_DEVICE_FAMILY = 1;
				XROS_DEPLOYMENT_TARGET = 2.4;
			};
			name = Debug;
		};
		725FAEA52EE3001100A36E06 /* Release */ = {
			isa = XCBuildConfiguration;
			baseConfigurationReference = 155CCA292D074504B8178B74 /* Pods-AvianHouse.release.xcconfig */;
			buildSettings = {
				ASSETCATALOG_COMPILER_APPICON_NAME = AppIcon;
				ASSETCATALOG_COMPILER_GLOBAL_ACCENT_COLOR_NAME = AccentColor;
				CODE_SIGN_ENTITLEMENTS = AvianHouse/AvianHouse.entitlements;
				CODE_SIGN_STYLE = Automatic;
				CURRENT_PROJECT_VERSION = 3;
				DEVELOPMENT_TEAM = 99Y7AUQG6Y;
				ENABLE_HARDENED_RUNTIME = YES;
				ENABLE_PREVIEWS = YES;
				ENABLE_USER_SCRIPT_SANDBOXING = NO;
				GENERATE_INFOPLIST_FILE = YES;
				INFOPLIST_FILE = AvianHouse/Info.plist;
				INFOPLIST_KEY_CFBundleDisplayName = "Avian House";
				INFOPLIST_KEY_NSCameraUsageDescription = "We need access to your camera to take a profile photo for your account.";
				INFOPLIST_KEY_NSMicrophoneUsageDescription = "We need access to your microphone to allow voice input";
				INFOPLIST_KEY_NSPhotoLibraryAddUsageDescription = "We need access to your photo library to take a profile photo for your account.";
				"INFOPLIST_KEY_UIApplicationSceneManifest_Generation[sdk=iphoneos*]" = YES;
				"INFOPLIST_KEY_UIApplicationSceneManifest_Generation[sdk=iphonesimulator*]" = YES;
				"INFOPLIST_KEY_UIApplicationSupportsIndirectInputEvents[sdk=iphoneos*]" = YES;
				"INFOPLIST_KEY_UIApplicationSupportsIndirectInputEvents[sdk=iphonesimulator*]" = YES;
				"INFOPLIST_KEY_UILaunchScreen_Generation[sdk=iphoneos*]" = YES;
				"INFOPLIST_KEY_UILaunchScreen_Generation[sdk=iphonesimulator*]" = YES;
				"INFOPLIST_KEY_UIStatusBarStyle[sdk=iphoneos*]" = UIStatusBarStyleDefault;
				"INFOPLIST_KEY_UIStatusBarStyle[sdk=iphonesimulator*]" = UIStatusBarStyleDefault;
				INFOPLIST_KEY_UISupportedInterfaceOrientations = UIInterfaceOrientationPortrait;
				INFOPLIST_KEY_UISupportedInterfaceOrientations_iPad = "UIInterfaceOrientationLandscapeLeft UIInterfaceOrientationLandscapeRight UIInterfaceOrientationPortrait UIInterfaceOrientationPortraitUpsideDown";
				IPHONEOS_DEPLOYMENT_TARGET = 15.0;
				LD_RUNPATH_SEARCH_PATHS = "@executable_path/Frameworks";
				"LD_RUNPATH_SEARCH_PATHS[sdk=macosx*]" = "@executable_path/../Frameworks";
				MACOSX_DEPLOYMENT_TARGET = 15.4;
				MARKETING_VERSION = 1.0.2;
				PRODUCT_BUNDLE_IDENTIFIER = com.komarproj.app;
				PRODUCT_NAME = "$(TARGET_NAME)";
				REGISTER_APP_GROUPS = YES;
				SDKROOT = auto;
				SUPPORTED_PLATFORMS = "iphoneos iphonesimulator";
				SUPPORTS_MACCATALYST = NO;
				SWIFT_EMIT_LOC_STRINGS = YES;
				SWIFT_VERSION = 5.0;
				TARGETED_DEVICE_FAMILY = 1;
				XROS_DEPLOYMENT_TARGET = 2.4;
			};
			name = Release;
		};
/* End XCBuildConfiguration section */

/* Begin XCConfigurationList section */
		725FAE922EE3001000A36E06 /* Build configuration list for PBXProject "AvianHouse" */ = {
			isa = XCConfigurationList;
			buildConfigurations = (
				725FAEA12EE3001100A36E06 /* Debug */,
				725FAEA22EE3001100A36E06 /* Release */,
			);
			defaultConfigurationIsVisible = 0;
			defaultConfigurationName = Release;
		};
		725FAEA32EE3001100A36E06 /* Build configuration list for PBXNativeTarget "AvianHouse" */ = {
			isa = XCConfigurationList;
			buildConfigurations = (
				725FAEA42EE3001100A36E06 /* Debug */,
				725FAEA52EE3001100A36E06 /* Release */,
			);
			defaultConfigurationIsVisible = 0;
			defaultConfigurationName = Release;
		};
/* End XCConfigurationList section */
	};
	rootObject = 725FAE8F2EE3001000A36E06 /* Project object */;
}
